version = 1
revision = 3
requires-python = ">=3.13"

[[package]]
name = "colorama"
version = "0.4.6"
source = { registry = "https://pypi.org/simple" }
sdist = { url = "https://files.pythonhosted.org/packages/d8/53/6f443c9a4a8358a93a6792e2acffb9d9d5cb0a5cfd8802644b7b1c9a02e4/colorama-0.4.6.tar.gz", hash = "sha256:08695f5cb7ed6e0531a20572697297273c47b8cae5a63ffc6d6ed5c201be6e44", size = 27697, upload-time = "2022-10-25T02:36:22.414Z" }
wheels = [
    { url = "https://files.pythonhosted.org/packages/d1/d6/3965ed04c63042e047cb6a3e6ed1a63a35087b6a609aa3a15ed8ac56c221/colorama-0.4.6-py2.py3-none-any.whl", hash = "sha256:4f1d9991f5acc0ca119f9d443620b77f9d6b33703e51011c16baf57afb285fc6", size = 25335, upload-time = "2022-10-25T02:36:20.889Z" },
]

[[package]]
name = "iniconfig"
version = "2.3.0"
source = { registry = "https://pypi.org/simple" }
sdist = { url = "https://files.pythonhosted.org/packages/72/34/14ca021ce8e5dfedc35312d08ba8bf51fdd999c576889fc2c24cb97f4f10/iniconfig-2.3.0.tar.gz", hash = "sha256:c76315c77db068650d49c5b56314774a7804df16fee4402c1f19d6d15d8c4730", size = 20503, upload-time = "2025-10-18T21:55:43.219Z" }
wheels = [
    { url = "https://files.pythonhosted.org/packages/cb/b1/3846dd7f199d53cb17f49cba7e651e9ce294d8497c8c150530ed11865bb8/iniconfig-2.3.0-py3-none-any.whl", hash = "sha256:f631c04d2c48c52b84d0d0549c99ff3859c98df65b3101406327ecc7d53fbf12", size = 7484, upload-time = "2025-10-18T21:55:41.639Z" },
]

[[package]]
name = "packaging"
version = "26.0"
source = { registry = "https://pypi.org/simple" }
sdist = { url = "https://files.pythonhosted.org/packages/65/ee/299d360cdc32edc7d2cf530f3accf79c4fca01e96ffc950d8a52213bd8e4/packaging-26.0.tar.gz", hash = "sha256:00243ae351a257117b6a241061796684b084ed1c516a08c48a3f7e147a9d80b4", size = 143416, upload-time = "2026-01-21T20:50:39.064Z" }
wheels = [
    { url = "https://files.pythonhosted.org/packages/b7/b9/c538f279a4e237a006a2c98387d081e9eb060d203d8ed34467cc0f0b9b53/packaging-26.0-py3-none-any.whl", hash = "sha256:b36f1fef9334a5588b4166f8bcd26a14e521f2b55e6b9de3aaa80d3ff7a37529", size = 74366, upload-time = "2026-01-21T20:50:37.788Z" },
]

[[package]]
name = "pluggy"
version = "1.6.0"
source = { registry = "https://pypi.org/simple" }
sdist = { url = "https://files.pythonhosted.org/packages/f9/e2/3e91f31a7d2b083fe6ef3fa267035b518369d9511ffab804f839851d2779/pluggy-1.6.0.tar.gz", hash = "sha256:7dcc130b76258d33b90f61b658791dede3486c3e6bfb003ee5c9bfb396dd22f3", size = 69412, upload-time = "2025-05-15T12:30:07.975Z" }
wheels = [
    { url = "https://files.pythonhosted.org/packages/54/20/4d324d65cc6d9205fabedc306948156824eb9f0ee1633355a8f7ec5c66bf/pluggy-1.6.0-py3-none-any.whl", hash = "sha256:e920276dd6813095e9377c0bc5566d94c932c33b27a3e3945d8389c374dd4746", size = 20538, upload-time = "2025-05-15T12:30:06.134Z" },
]

[[package]]
name = "prost-reflect-o3"
version = "0.1.0"
source = { editable = "." }

[package.dev-dependencies]
dev = [
    { name = "protobuf" },
    { name = "pytest" },
]

[package.metadata]

[package.metadata.requires-dev]
dev = [
    { name = "protobuf", specifier = ">=7.34.0" },
    { name = "pytest", specifier = ">=9.0.2" },
]

[[package]]
name = "protobuf"
version = "7.34.0"
source = { registry = "https://pypi.org/simple" }
sdist = { url = "https://files.pythonhosted.org/packages/f2/00/04a2ab36b70a52d0356852979e08b44edde0435f2115dc66e25f2100f3ab/protobuf-7.34.0.tar.gz", hash = "sha256:3871a3df67c710aaf7bb8d214cc997342e63ceebd940c8c7fc65c9b3d697591a", size = 454726, upload-time = "2026-02-27T00:30:25.421Z" }
wheels = [
    { url = "https://files.pythonhosted.org/packages/13/c4/6322ab5c8f279c4c358bc14eb8aefc0550b97222a39f04eb3c1af7a830fa/protobuf-7.34.0-cp310-abi3-macosx_10_9_universal2.whl", hash = "sha256:8e329966799f2c271d5e05e236459fe1cbfdb8755aaa3b0914fa60947ddea408", size = 429248, upload-time = "2026-02-27T00:30:14.924Z" },
    { url = "https://files.pythonhosted.org/packages/45/99/b029bbbc61e8937545da5b79aa405ab2d9cf307a728f8c9459ad60d7a481/protobuf-7.34.0-cp310-abi3-manylinux2014_aarch64.whl", hash = "sha256:9d7a5005fb96f3c1e64f397f91500b0eb371b28da81296ae73a6b08a5b76cdd6", size = 325753, upload-time = "2026-02-27T00:30:17.247Z" },
    { url = "https://files.pythonhosted.org/packages/cc/79/09f02671eb75b251c5550a1c48e7b3d4b0623efd7c95a15a50f6f9fc1e2e/protobuf-7.34.0-cp310-abi3-manylinux2014_s390x.whl", hash = "sha256:4a72a8ec94e7a9f7ef7fe818ed26d073305f347f8b3b5ba31e22f81fd85fca02", size = 340200, upload-time = "2026-02-27T00:30:18.672Z" },
    { url = "https://files.pythonhosted.org/packages/b5/57/89727baef7578897af5ed166735ceb315819f1c184da8c3441271dbcfde7/protobuf-7.34.0-cp310-abi3-manylinux2014_x86_64.whl", hash = "sha256:964cf977e07f479c0697964e83deda72bcbc75c3badab506fb061b352d991b01", size = 324268, upload-time = "2026-02-27T00:30:20.088Z" },
    { url = "https://files.pythonhosted.org/packages/1f/3e/38ff2ddee5cc946f575c9d8cc822e34bde205cf61acf8099ad88ef19d7d2/protobuf-7.34.0-cp310-abi3-win32.whl", hash = "sha256:f791ec509707a1d91bd02e07df157e75e4fb9fbdad12a81b7396201ec244e2e3", size = 426628, upload-time = "2026-02-27T00:30:21.555Z" },
    { url = "https://files.pythonhosted.org/packages/cb/71/7c32eaf34a61a1bae1b62a2ac4ffe09b8d1bb0cf93ad505f42040023db89/protobuf-7.34.0-cp310-abi3-win_amd64.whl", hash = "sha256:9f9079f1dde4e32342ecbd1c118d76367090d4aaa19da78230c38101c5b3dd40", size = 437901, upload-time = "2026-02-27T00:30:22.836Z" },
    { url = "https://files.pythonhosted.org/packages/a4/e7/14dc9366696dcb53a413449881743426ed289d687bcf3d5aee4726c32ebb/protobuf-7.34.0-py3-none-any.whl", hash = "sha256:e3b914dd77fa33fa06ab2baa97937746ab25695f389869afdf03e81f34e45dc7", size = 170716, upload-time = "2026-02-27T00:30:23.994Z" },
]

[[package]]
name = "pygments"
version = "2.19.2"
source = { registry = "https://pypi.org/simple" }
sdist = { url = "https://files.pythonhosted.org/packages/b0/77/a5b8c569bf593b0140bde72ea885a803b82086995367bf2037de0159d924/pygments-2.19.2.tar.gz", hash = "sha256:636cb2477cec7f8952536970bc533bc43743542f70392ae026374600add5b887", size = 4968631, upload-time = "2025-06-21T13:39:12.283Z" }
wheels = [
    { url = "https://files.pythonhosted.org/packages/c7/21/705964c7812476f378728bdf590ca4b771ec72385c533964653c68e86bdc/pygments-2.19.2-py3-none-any.whl", hash = "sha256:86540386c03d588bb81d44bc3928634ff26449851e99741617ecb9037ee5ec0b", size = 1225217, upload-time = "2025-06-21T13:39:07.939Z" },
]

[[package]]
name = "pytest"
version = "9.0.2"
source = { registry = "https://pypi.org/simple" }
dependencies = [
    { name = "colorama", marker = "sys_platform == 'win32'" },
    { name = "iniconfig" },
    { name = "packaging" },
    { name = "pluggy" },
    { name = "pygments" },
]
sdist = { url = "https://files.pythonhosted.org/packages/d1/db/7ef3487e0fb0049ddb5ce41d3a49c235bf9ad299b6a25d5780a89f19230f/pytest-9.0.2.tar.gz", hash = "sha256:75186651a92bd89611d1d9fc20f0b4345fd827c41ccd5c299a868a05d70edf11", size = 1568901, upload-time = "2025-12-06T21:30:51.014Z" }
wheels = [
    { url = "https://files.pythonhosted.org/packages/3b/ab/b3226f0bd7cdcf710fbede2b3548584366da3b19b5021e74f5bde2a8fa3f/pytest-9.0.2-py3-none-any.whl", hash = "sha256:711ffd45bf766d5264d487b917733b453d917afd2b0ad65223959f59089f875b", size = 374801, upload-time = "2025-12-06T21:30:49.154Z" },
]
